
Microsoft Visual Studio Solution File, Format Version 12.00
# Visual Studio Version 17
VisualStudioVersion = 17.10.34916.146
MinimumVisualStudioVersion = 10.0.40219.1
Project("{FAE04EC0-301F-11D3-BF4B-00C04F79EFBC}") = "WebApp6BySamikshya", "WebApp6BySamikshya\WebApp6BySamikshya.csproj", "{32294197-ECF8-4E3E-8520-129CB1BB781D}"
EndProject
Global
	GlobalSection(SolutionConfigurationPlatforms) = preSolution
		Debug|Any CPU = Debug|Any CPU
		Release|Any CPU = Release|Any CPU
	EndGlobalSection
	GlobalSection(ProjectConfigurationPlatforms) = postSolution
		{32294197-ECF8-4E3E-8520-129CB1BB781D}.Debug|Any CPU.ActiveCfg = Debug|Any CPU
		{32294197-ECF8-4E3E-8520-129CB1BB781D}.Debug|Any CPU.Build.0 = Debug|Any CPU
		{32294197-ECF8-4E3E-8520-129CB1BB781D}.Release|Any CPU.ActiveCfg = Release|Any CPU
		{32294197-ECF8-4E3E-8520-129CB1BB781D}.Release|Any CPU.Build.0 = Release|Any CPU
	EndGlobalSection
	GlobalSection(SolutionProperties) = preSolution
		HideSolutionNode = FALSE
	EndGlobalSection
	GlobalSection(ExtensibilityGlobals) = postSolution
		SolutionGuid = {3910587F-D1FB-4C4C-B6BF-03955E3C3CCA}
	EndGlobalSection
EndGlobal
