
Microsoft Visual Studio Solution File, Format Version 12.00
# Visual Studio Version 17
VisualStudioVersion = 17.10.34916.146
MinimumVisualStudioVersion = 10.0.40219.1
Project("{FAE04EC0-301F-11D3-BF4B-00C04F79EFBC}") = "ConsoleApp1BySamikshya", "ConsoleApp1BySamikshya\ConsoleApp1BySamikshya.csproj", "{686DDE1B-117F-4D6E-BAC8-4A0561610E87}"
EndProject
Global
	GlobalSection(SolutionConfigurationPlatforms) = preSolution
		Debug|Any CPU = Debug|Any CPU
		Release|Any CPU = Release|Any CPU
	EndGlobalSection
	GlobalSection(ProjectConfigurationPlatforms) = postSolution
		{686DDE1B-117F-4D6E-BAC8-4A0561610E87}.Debug|Any CPU.ActiveCfg = Debug|Any CPU
		{686DDE1B-117F-4D6E-BAC8-4A0561610E87}.Debug|Any CPU.Build.0 = Debug|Any CPU
		{686DDE1B-117F-4D6E-BAC8-4A0561610E87}.Release|Any CPU.ActiveCfg = Release|Any CPU
		{686DDE1B-117F-4D6E-BAC8-4A0561610E87}.Release|Any CPU.Build.0 = Release|Any CPU
	EndGlobalSection
	GlobalSection(SolutionProperties) = preSolution
		HideSolutionNode = FALSE
	EndGlobalSection
	GlobalSection(ExtensibilityGlobals) = postSolution
		SolutionGuid = {A5F82222-4D45-49C9-A589-B04BF8969022}
	EndGlobalSection
EndGlobal
